
Microsoft Visual Studio Solution File, Format Version 11.00
# Visual Studio 2010
Project("{FAE04EC0-301F-11D3-BF4B-00C04F79EFBC}") = "Simpler", "Simpler\Simpler.csproj", "{6A2F45F9-172C-4B48-9344-B64646958AFC}"
EndProject
Project("{FAE04EC0-301F-11D3-BF4B-00C04F79EFBC}") = "Simpler.Tests", "Simpler.Tests\Simpler.Tests.csproj", "{D6DE1A11-756A-42AB-9714-5DA05F5C1EF1}"
EndProject
Project("{2150E333-8FDC-42A3-9474-1A3956D46DE8}") = "Solution Items", "Solution Items", "{0015489E-C817-48A0-9A19-4F2BA08EB6D2}"
	ProjectSection(SolutionItems) = preProject
		README.md = README.md
		Simpler.1.1.nupkg = Simpler.1.1.nupkg
	EndProjectSection
EndProject
Project("{FAE04EC0-301F-11D3-BF4B-00C04F79EFBC}") = "Example.Model", "Example.Model\Example.Model.csproj", "{7213C0FA-FC1B-4998-A781-5487444623CC}"
EndProject
Project("{FAE04EC0-301F-11D3-BF4B-00C04F79EFBC}") = "Example.Mvc", "Example.Mvc\Example.Mvc.csproj", "{65DFE18C-FC22-47B6-8F6C-E2AD776937DE}"
EndProject
Project("{FAE04EC0-301F-11D3-BF4B-00C04F79EFBC}") = "Example.Nancy", "Example.Nancy\Example.Nancy.csproj", "{5E19A947-84C7-4C05-8FA3-CEC74C1BBA22}"
EndProject
Global
	GlobalSection(SolutionConfigurationPlatforms) = preSolution
		Debug|Any CPU = Debug|Any CPU
		Release|Any CPU = Release|Any CPU
	EndGlobalSection
	GlobalSection(ProjectConfigurationPlatforms) = postSolution
		{6A2F45F9-172C-4B48-9344-B64646958AFC}.Debug|Any CPU.ActiveCfg = Debug|Any CPU
		{6A2F45F9-172C-4B48-9344-B64646958AFC}.Debug|Any CPU.Build.0 = Debug|Any CPU
		{6A2F45F9-172C-4B48-9344-B64646958AFC}.Release|Any CPU.ActiveCfg = Release|Any CPU
		{6A2F45F9-172C-4B48-9344-B64646958AFC}.Release|Any CPU.Build.0 = Release|Any CPU
		{D6DE1A11-756A-42AB-9714-5DA05F5C1EF1}.Debug|Any CPU.ActiveCfg = Debug|Any CPU
		{D6DE1A11-756A-42AB-9714-5DA05F5C1EF1}.Debug|Any CPU.Build.0 = Debug|Any CPU
		{D6DE1A11-756A-42AB-9714-5DA05F5C1EF1}.Release|Any CPU.ActiveCfg = Release|Any CPU
		{D6DE1A11-756A-42AB-9714-5DA05F5C1EF1}.Release|Any CPU.Build.0 = Release|Any CPU
		{7213C0FA-FC1B-4998-A781-5487444623CC}.Debug|Any CPU.ActiveCfg = Debug|Any CPU
		{7213C0FA-FC1B-4998-A781-5487444623CC}.Debug|Any CPU.Build.0 = Debug|Any CPU
		{7213C0FA-FC1B-4998-A781-5487444623CC}.Release|Any CPU.ActiveCfg = Release|Any CPU
		{7213C0FA-FC1B-4998-A781-5487444623CC}.Release|Any CPU.Build.0 = Release|Any CPU
		{65DFE18C-FC22-47B6-8F6C-E2AD776937DE}.Debug|Any CPU.ActiveCfg = Debug|Any CPU
		{65DFE18C-FC22-47B6-8F6C-E2AD776937DE}.Debug|Any CPU.Build.0 = Debug|Any CPU
		{65DFE18C-FC22-47B6-8F6C-E2AD776937DE}.Release|Any CPU.ActiveCfg = Release|Any CPU
		{65DFE18C-FC22-47B6-8F6C-E2AD776937DE}.Release|Any CPU.Build.0 = Release|Any CPU
		{5E19A947-84C7-4C05-8FA3-CEC74C1BBA22}.Debug|Any CPU.ActiveCfg = Debug|Any CPU
		{5E19A947-84C7-4C05-8FA3-CEC74C1BBA22}.Debug|Any CPU.Build.0 = Debug|Any CPU
		{5E19A947-84C7-4C05-8FA3-CEC74C1BBA22}.Release|Any CPU.ActiveCfg = Release|Any CPU
		{5E19A947-84C7-4C05-8FA3-CEC74C1BBA22}.Release|Any CPU.Build.0 = Release|Any CPU
	EndGlobalSection
	GlobalSection(SolutionProperties) = preSolution
		HideSolutionNode = FALSE
	EndGlobalSection
EndGlobal
