
Microsoft Visual Studio Solution File, Format Version 11.00
# Visual Studio 2010
Project("{FAE04EC0-301F-11D3-BF4B-00C04F79EFBC}") = "Simpler", "Simpler\Simpler.csproj", "{6A2F45F9-172C-4B48-9344-B64646958AFC}"
EndProject
Project("{FAE04EC0-301F-11D3-BF4B-00C04F79EFBC}") = "Simpler.Tests", "Simpler.Tests\Simpler.Tests.csproj", "{D6DE1A11-756A-42AB-9714-5DA05F5C1EF1}"
EndProject
Project("{FAE04EC0-301F-11D3-BF4B-00C04F79EFBC}") = "Simpler.Data", "Simpler.Data\Simpler.Data.csproj", "{BD63BADB-7C7C-4A8A-8AD2-FBF404524593}"
EndProject
Project("{FAE04EC0-301F-11D3-BF4B-00C04F79EFBC}") = "Simpler.Data.Tests", "Simpler.Data.Tests\Simpler.Data.Tests.csproj", "{D927EE98-1F5C-45D6-ACC4-18A23CB13775}"
EndProject
Global
	GlobalSection(SolutionConfigurationPlatforms) = preSolution
		Debug|Any CPU = Debug|Any CPU
		Release|Any CPU = Release|Any CPU
	EndGlobalSection
	GlobalSection(ProjectConfigurationPlatforms) = postSolution
		{6A2F45F9-172C-4B48-9344-B64646958AFC}.Debug|Any CPU.ActiveCfg = Debug|Any CPU
		{6A2F45F9-172C-4B48-9344-B64646958AFC}.Debug|Any CPU.Build.0 = Debug|Any CPU
		{6A2F45F9-172C-4B48-9344-B64646958AFC}.Release|Any CPU.ActiveCfg = Release|Any CPU
		{6A2F45F9-172C-4B48-9344-B64646958AFC}.Release|Any CPU.Build.0 = Release|Any CPU
		{D6DE1A11-756A-42AB-9714-5DA05F5C1EF1}.Debug|Any CPU.ActiveCfg = Debug|Any CPU
		{D6DE1A11-756A-42AB-9714-5DA05F5C1EF1}.Debug|Any CPU.Build.0 = Debug|Any CPU
		{D6DE1A11-756A-42AB-9714-5DA05F5C1EF1}.Release|Any CPU.ActiveCfg = Release|Any CPU
		{D6DE1A11-756A-42AB-9714-5DA05F5C1EF1}.Release|Any CPU.Build.0 = Release|Any CPU
		{BD63BADB-7C7C-4A8A-8AD2-FBF404524593}.Debug|Any CPU.ActiveCfg = Debug|Any CPU
		{BD63BADB-7C7C-4A8A-8AD2-FBF404524593}.Debug|Any CPU.Build.0 = Debug|Any CPU
		{BD63BADB-7C7C-4A8A-8AD2-FBF404524593}.Release|Any CPU.ActiveCfg = Release|Any CPU
		{BD63BADB-7C7C-4A8A-8AD2-FBF404524593}.Release|Any CPU.Build.0 = Release|Any CPU
		{D927EE98-1F5C-45D6-ACC4-18A23CB13775}.Debug|Any CPU.ActiveCfg = Debug|Any CPU
		{D927EE98-1F5C-45D6-ACC4-18A23CB13775}.Debug|Any CPU.Build.0 = Debug|Any CPU
		{D927EE98-1F5C-45D6-ACC4-18A23CB13775}.Release|Any CPU.ActiveCfg = Release|Any CPU
		{D927EE98-1F5C-45D6-ACC4-18A23CB13775}.Release|Any CPU.Build.0 = Release|Any CPU
	EndGlobalSection
	GlobalSection(SolutionProperties) = preSolution
		HideSolutionNode = FALSE
	EndGlobalSection
EndGlobal
