
Microsoft Visual Studio Solution File, Format Version 11.00
# Visual Studio 2010
Project("{FAE04EC0-301F-11D3-BF4B-00C04F79EFBC}") = "Simpler", "Simpler\Simpler.csproj", "{6A2F45F9-172C-4B48-9344-B64646958AFC}"
EndProject
Project("{FAE04EC0-301F-11D3-BF4B-00C04F79EFBC}") = "Tests", "Tests\Tests.csproj", "{33A776F4-AB25-4DFB-BCB0-C68E267BC42D}"
EndProject
Project("{FAE04EC0-301F-11D3-BF4B-00C04F79EFBC}") = "Baseball", "Examples\Baseball.csproj", "{64073524-B1F5-4691-9086-C50315A4B27E}"
EndProject
Global
	GlobalSection(SolutionConfigurationPlatforms) = preSolution
		Debug|Any CPU = Debug|Any CPU
		Debug|Mixed Platforms = Debug|Mixed Platforms
		Debug|x86 = Debug|x86
		Release|Any CPU = Release|Any CPU
		Release|Mixed Platforms = Release|Mixed Platforms
		Release|x86 = Release|x86
	EndGlobalSection
	GlobalSection(ProjectConfigurationPlatforms) = postSolution
		{33A776F4-AB25-4DFB-BCB0-C68E267BC42D}.Debug|Any CPU.ActiveCfg = Debug|Any CPU
		{33A776F4-AB25-4DFB-BCB0-C68E267BC42D}.Debug|Any CPU.Build.0 = Debug|Any CPU
		{33A776F4-AB25-4DFB-BCB0-C68E267BC42D}.Debug|Mixed Platforms.ActiveCfg = Debug|Any CPU
		{33A776F4-AB25-4DFB-BCB0-C68E267BC42D}.Debug|Mixed Platforms.Build.0 = Debug|Any CPU
		{33A776F4-AB25-4DFB-BCB0-C68E267BC42D}.Debug|x86.ActiveCfg = Debug|Any CPU
		{33A776F4-AB25-4DFB-BCB0-C68E267BC42D}.Debug|x86.Build.0 = Debug|Any CPU
		{33A776F4-AB25-4DFB-BCB0-C68E267BC42D}.Release|Any CPU.ActiveCfg = Release|Any CPU
		{33A776F4-AB25-4DFB-BCB0-C68E267BC42D}.Release|Any CPU.Build.0 = Release|Any CPU
		{33A776F4-AB25-4DFB-BCB0-C68E267BC42D}.Release|Mixed Platforms.ActiveCfg = Release|Any CPU
		{33A776F4-AB25-4DFB-BCB0-C68E267BC42D}.Release|Mixed Platforms.Build.0 = Release|Any CPU
		{33A776F4-AB25-4DFB-BCB0-C68E267BC42D}.Release|x86.ActiveCfg = Release|Any CPU
		{33A776F4-AB25-4DFB-BCB0-C68E267BC42D}.Release|x86.Build.0 = Release|Any CPU
		{64073524-B1F5-4691-9086-C50315A4B27E}.Debug|Any CPU.ActiveCfg = Debug|Any CPU
		{64073524-B1F5-4691-9086-C50315A4B27E}.Debug|Any CPU.Build.0 = Debug|Any CPU
		{64073524-B1F5-4691-9086-C50315A4B27E}.Debug|Mixed Platforms.ActiveCfg = Debug|Any CPU
		{64073524-B1F5-4691-9086-C50315A4B27E}.Debug|Mixed Platforms.Build.0 = Debug|Any CPU
		{64073524-B1F5-4691-9086-C50315A4B27E}.Debug|x86.ActiveCfg = Debug|Any CPU
		{64073524-B1F5-4691-9086-C50315A4B27E}.Debug|x86.Build.0 = Debug|Any CPU
		{64073524-B1F5-4691-9086-C50315A4B27E}.Release|Any CPU.ActiveCfg = Release|Any CPU
		{64073524-B1F5-4691-9086-C50315A4B27E}.Release|Any CPU.Build.0 = Release|Any CPU
		{64073524-B1F5-4691-9086-C50315A4B27E}.Release|Mixed Platforms.ActiveCfg = Release|Any CPU
		{64073524-B1F5-4691-9086-C50315A4B27E}.Release|Mixed Platforms.Build.0 = Release|Any CPU
		{64073524-B1F5-4691-9086-C50315A4B27E}.Release|x86.ActiveCfg = Release|Any CPU
		{64073524-B1F5-4691-9086-C50315A4B27E}.Release|x86.Build.0 = Release|Any CPU
		{6A2F45F9-172C-4B48-9344-B64646958AFC}.Debug|Any CPU.ActiveCfg = Debug|Any CPU
		{6A2F45F9-172C-4B48-9344-B64646958AFC}.Debug|Any CPU.Build.0 = Debug|Any CPU
		{6A2F45F9-172C-4B48-9344-B64646958AFC}.Debug|Mixed Platforms.ActiveCfg = Debug|Any CPU
		{6A2F45F9-172C-4B48-9344-B64646958AFC}.Debug|Mixed Platforms.Build.0 = Debug|Any CPU
		{6A2F45F9-172C-4B48-9344-B64646958AFC}.Debug|x86.ActiveCfg = Debug|Any CPU
		{6A2F45F9-172C-4B48-9344-B64646958AFC}.Release|Any CPU.ActiveCfg = Release|Any CPU
		{6A2F45F9-172C-4B48-9344-B64646958AFC}.Release|Any CPU.Build.0 = Release|Any CPU
		{6A2F45F9-172C-4B48-9344-B64646958AFC}.Release|Mixed Platforms.ActiveCfg = Release|Any CPU
		{6A2F45F9-172C-4B48-9344-B64646958AFC}.Release|Mixed Platforms.Build.0 = Release|Any CPU
		{6A2F45F9-172C-4B48-9344-B64646958AFC}.Release|x86.ActiveCfg = Release|Any CPU
	EndGlobalSection
	GlobalSection(MonoDevelopProperties) = preSolution
		StartupItem = Tests\Tests.csproj
		Policies = $0
		$0.TextStylePolicy = $1
		$1.inheritsSet = null
		$1.scope = text/x-csharp
		$0.CSharpFormattingPolicy = $2
		$2.IndentSwitchBody = True
		$2.PropertyBraceStyle = NextLine
		$2.PropertyGetBraceStyle = NextLine
		$2.PropertySetBraceStyle = NextLine
		$2.EventBraceStyle = NextLine
		$2.EventAddBraceStyle = NextLine
		$2.EventRemoveBraceStyle = NextLine
		$2.StatementBraceStyle = NextLine
		$2.ElseNewLinePlacement = NewLine
		$2.CatchNewLinePlacement = NewLine
		$2.FinallyNewLinePlacement = NewLine
		$2.WhileNewLinePlacement = NewLine
		$2.EmbeddedStatementPlacement = SameLine
		$2.ArrayInitializerWrapping = DoNotChange
		$2.BeforeMethodDeclarationParentheses = False
		$2.BeforeMethodCallParentheses = False
		$2.BeforeConstructorDeclarationParentheses = False
		$2.NewLineBeforeConstructorInitializerColon = SameLine
		$2.BeforeIndexerDeclarationBracket = False
		$2.BeforeDelegateDeclarationParentheses = False
		$2.AfterDelegateDeclarationParameterComma = True
		$2.NewParentheses = False
		$2.SpacesBeforeBrackets = False
		$2.BlankLinesBetweenMembers = 0
		$2.BlankLinesInsideRegion = 0
		$2.AlignToFirstMethodDeclarationParameter = False
		$2.AlignToFirstIndexerDeclarationParameter = False
		$2.inheritsSet = Mono
		$2.inheritsScope = text/x-csharp
		$2.scope = text/x-csharp
		$0.DotNetNamingPolicy = $3
		$3.DirectoryNamespaceAssociation = None
		$3.ResourceNamePolicy = FileFormatDefault
		$0.TextStylePolicy = $4
		$4.FileWidth = 120
		$4.inheritsSet = VisualStudio
		$4.inheritsScope = text/plain
		$4.scope = text/plain
		$0.TextStylePolicy = $5
		$5.inheritsSet = null
		$5.scope = application/config+xml
		$0.XmlFormattingPolicy = $6
		$6.inheritsSet = null
		$6.scope = application/config+xml
		$0.TextStylePolicy = $7
		$7.inheritsSet = null
		$7.scope = application/xml
		$0.XmlFormattingPolicy = $8
		$8.inheritsSet = Mono
		$8.inheritsScope = application/xml
		$8.scope = application/xml
		$0.TextStylePolicy = $9
		$9.FileWidth = 120
		$9.TabWidth = 2
		$9.IndentWidth = 2
		$9.inheritsSet = VisualStudio
		$9.inheritsScope = text/plain
		$9.scope = application/json
		$0.StandardHeader = $10
		$10.Text = 
		$10.IncludeInNewFiles = True
		$0.NameConventionPolicy = $11
		$11.Rules = $12
		$12.NamingRule = $13
		$13.Name = Namespaces
		$13.AffectedEntity = Namespace
		$13.VisibilityMask = VisibilityMask
		$13.NamingStyle = PascalCase
		$13.IncludeInstanceMembers = True
		$13.IncludeStaticEntities = True
		$12.NamingRule = $14
		$14.Name = Types
		$14.AffectedEntity = Class, Struct, Enum, Delegate
		$14.VisibilityMask = Public
		$14.NamingStyle = PascalCase
		$14.IncludeInstanceMembers = True
		$14.IncludeStaticEntities = True
		$12.NamingRule = $15
		$15.Name = Interfaces
		$15.RequiredPrefixes = $16
		$16.String = I
		$15.AffectedEntity = Interface
		$15.VisibilityMask = Public
		$15.NamingStyle = PascalCase
		$15.IncludeInstanceMembers = True
		$15.IncludeStaticEntities = True
		$12.NamingRule = $17
		$17.Name = Attributes
		$17.RequiredSuffixes = $18
		$18.String = Attribute
		$17.AffectedEntity = CustomAttributes
		$17.VisibilityMask = Public
		$17.NamingStyle = PascalCase
		$17.IncludeInstanceMembers = True
		$17.IncludeStaticEntities = True
		$12.NamingRule = $19
		$19.Name = Event Arguments
		$19.RequiredSuffixes = $20
		$20.String = EventArgs
		$19.AffectedEntity = CustomEventArgs
		$19.VisibilityMask = Public
		$19.NamingStyle = PascalCase
		$19.IncludeInstanceMembers = True
		$19.IncludeStaticEntities = True
		$12.NamingRule = $21
		$21.Name = Exceptions
		$21.RequiredSuffixes = $22
		$22.String = Exception
		$21.AffectedEntity = CustomExceptions
		$21.VisibilityMask = VisibilityMask
		$21.NamingStyle = PascalCase
		$21.IncludeInstanceMembers = True
		$21.IncludeStaticEntities = True
		$12.NamingRule = $23
		$23.Name = Methods
		$23.AffectedEntity = Methods
		$23.VisibilityMask = Protected, Public
		$23.NamingStyle = PascalCase
		$23.IncludeInstanceMembers = True
		$23.IncludeStaticEntities = True
		$12.NamingRule = $24
		$24.Name = Static Readonly Fields
		$24.AffectedEntity = ReadonlyField
		$24.VisibilityMask = Protected, Public
		$24.NamingStyle = PascalCase
		$24.IncludeInstanceMembers = False
		$24.IncludeStaticEntities = True
		$12.NamingRule = $25
		$25.Name = Fields
		$25.AffectedEntity = Field
		$25.VisibilityMask = Protected, Public
		$25.NamingStyle = PascalCase
		$25.IncludeInstanceMembers = True
		$25.IncludeStaticEntities = True
		$12.NamingRule = $26
		$26.Name = ReadOnly Fields
		$26.AffectedEntity = ReadonlyField
		$26.VisibilityMask = Protected, Public
		$26.NamingStyle = PascalCase
		$26.IncludeInstanceMembers = True
		$26.IncludeStaticEntities = False
		$12.NamingRule = $27
		$27.Name = Constant Fields
		$27.AffectedEntity = ConstantField
		$27.VisibilityMask = Protected, Public
		$27.NamingStyle = PascalCase
		$27.IncludeInstanceMembers = True
		$27.IncludeStaticEntities = True
		$12.NamingRule = $28
		$28.Name = Properties
		$28.AffectedEntity = Property
		$28.VisibilityMask = Protected, Public
		$28.NamingStyle = PascalCase
		$28.IncludeInstanceMembers = True
		$28.IncludeStaticEntities = True
		$12.NamingRule = $29
		$29.Name = Events
		$29.AffectedEntity = Event
		$29.VisibilityMask = Protected, Public
		$29.NamingStyle = PascalCase
		$29.IncludeInstanceMembers = True
		$29.IncludeStaticEntities = True
		$12.NamingRule = $30
		$30.Name = Enum Members
		$30.AffectedEntity = EnumMember
		$30.VisibilityMask = VisibilityMask
		$30.NamingStyle = PascalCase
		$30.IncludeInstanceMembers = True
		$30.IncludeStaticEntities = True
		$12.NamingRule = $31
		$31.Name = Parameters
		$31.AffectedEntity = Parameter
		$31.VisibilityMask = VisibilityMask
		$31.NamingStyle = CamelCase
		$31.IncludeInstanceMembers = True
		$31.IncludeStaticEntities = True
		$12.NamingRule = $32
		$32.Name = Type Parameters
		$32.RequiredPrefixes = $33
		$33.String = T
		$32.AffectedEntity = TypeParameter
		$32.VisibilityMask = VisibilityMask
		$32.NamingStyle = PascalCase
		$32.IncludeInstanceMembers = True
		$32.IncludeStaticEntities = True
	EndGlobalSection
	GlobalSection(SolutionProperties) = preSolution
		HideSolutionNode = FALSE
	EndGlobalSection
EndGlobal
